// !$*UTF8*$!
{
	archiveVersion = 1;
	classes = {
	};
	objectVersion = 56;
	objects = {

/* Begin PBXBuildFile section */
		7B032A382C8CE91400B15865 /* PokemonInfoRequirement.swift in Sources */ = {isa = PBXBuildFile; fileRef = 7B032A372C8CE91400B15865 /* PokemonInfoRequirement.swift */; };
		7B6EC8842C87DD550089727D /* PokedexApp.swift in Sources */ = {isa = PBXBuildFile; fileRef = 7B6EC8832C87DD550089727D /* PokedexApp.swift */; };
		7B6EC8862C87DD550089727D /* ContentView.swift in Sources */ = {isa = PBXBuildFile; fileRef = 7B6EC8852C87DD550089727D /* ContentView.swift */; };
		7B6EC8882C87DD560089727D /* Assets.xcassets in Resources */ = {isa = PBXBuildFile; fileRef = 7B6EC8872C87DD560089727D /* Assets.xcassets */; };
		7B6EC88B2C87DD560089727D /* Preview Assets.xcassets in Resources */ = {isa = PBXBuildFile; fileRef = 7B6EC88A2C87DD560089727D /* Preview Assets.xcassets */; };
		7B6EC8952C87DD560089727D /* PokedexTests.swift in Sources */ = {isa = PBXBuildFile; fileRef = 7B6EC8942C87DD560089727D /* PokedexTests.swift */; };
		7B6EC89F2C87DD560089727D /* PokedexUITests.swift in Sources */ = {isa = PBXBuildFile; fileRef = 7B6EC89E2C87DD560089727D /* PokedexUITests.swift */; };
		7B6EC8A12C87DD560089727D /* PokedexUITestsLaunchTests.swift in Sources */ = {isa = PBXBuildFile; fileRef = 7B6EC8A02C87DD560089727D /* PokedexUITestsLaunchTests.swift */; };
		7B6EC8B12C8950E30089727D /* Pokedex.swift in Sources */ = {isa = PBXBuildFile; fileRef = 7B6EC8B02C8950E30089727D /* Pokedex.swift */; };
		7B6EC8B32C8A41270089727D /* SDWebImageSwiftUI in Frameworks */ = {isa = PBXBuildFile; productRef = 7B6EC8B22C8A41270089727D /* SDWebImageSwiftUI */; };
		7B6EC8BA2C8A679A0089727D /* Alamofire in Frameworks */ = {isa = PBXBuildFile; productRef = 7B6EC8B92C8A679A0089727D /* Alamofire */; };
		7B6EC8BE2C8A6C630089727D /* PokemonRepository.swift in Sources */ = {isa = PBXBuildFile; fileRef = 7B6EC8BD2C8A6C630089727D /* PokemonRepository.swift */; };
		7B6EC8C02C8A8C990089727D /* PokemonAPIService.swift in Sources */ = {isa = PBXBuildFile; fileRef = 7B6EC8BF2C8A8C990089727D /* PokemonAPIService.swift */; };
		7B9EC7B32C8CCFD800E85ED2 /* ContentViewModel.swift in Sources */ = {isa = PBXBuildFile; fileRef = 7B9EC7B22C8CCFD800E85ED2 /* ContentViewModel.swift */; };
		7BCA83552C8CE8E700B494E9 /* PokemonListRequirement.swift in Sources */ = {isa = PBXBuildFile; fileRef = 7BCA83542C8CE8E700B494E9 /* PokemonListRequirement.swift */; };
/* End PBXBuildFile section */

/* Begin PBXContainerItemProxy section */
		7B6EC8912C87DD560089727D /* PBXContainerItemProxy */ = {
			isa = PBXContainerItemProxy;
			containerPortal = 7B6EC8782C87DD550089727D /* Project object */;
			proxyType = 1;
			remoteGlobalIDString = 7B6EC87F2C87DD550089727D;
			remoteInfo = Pokedex;
		};
		7B6EC89B2C87DD560089727D /* PBXContainerItemProxy */ = {
			isa = PBXContainerItemProxy;
			containerPortal = 7B6EC8782C87DD550089727D /* Project object */;
			proxyType = 1;
			remoteGlobalIDString = 7B6EC87F2C87DD550089727D;
			remoteInfo = Pokedex;
		};
/* End PBXContainerItemProxy section */

/* Begin PBXFileReference section */
		7B032A372C8CE91400B15865 /* PokemonInfoRequirement.swift */ = {isa = PBXFileReference; lastKnownFileType = sourcecode.swift; path = PokemonInfoRequirement.swift; sourceTree = "<group>"; };
		7B6EC8802C87DD550089727D /* Pokedex.app */ = {isa = PBXFileReference; explicitFileType = wrapper.application; includeInIndex = 0; path = Pokedex.app; sourceTree = BUILT_PRODUCTS_DIR; };
		7B6EC8832C87DD550089727D /* PokedexApp.swift */ = {isa = PBXFileReference; lastKnownFileType = sourcecode.swift; path = PokedexApp.swift; sourceTree = "<group>"; };
		7B6EC8852C87DD550089727D /* ContentView.swift */ = {isa = PBXFileReference; lastKnownFileType = sourcecode.swift; path = ContentView.swift; sourceTree = "<group>"; };
		7B6EC8872C87DD560089727D /* Assets.xcassets */ = {isa = PBXFileReference; lastKnownFileType = folder.assetcatalog; path = Assets.xcassets; sourceTree = "<group>"; };
		7B6EC88A2C87DD560089727D /* Preview Assets.xcassets */ = {isa = PBXFileReference; lastKnownFileType = folder.assetcatalog; path = "Preview Assets.xcassets"; sourceTree = "<group>"; };
		7B6EC8902C87DD560089727D /* PokedexTests.xctest */ = {isa = PBXFileReference; explicitFileType = wrapper.cfbundle; includeInIndex = 0; path = PokedexTests.xctest; sourceTree = BUILT_PRODUCTS_DIR; };
		7B6EC8942C87DD560089727D /* PokedexTests.swift */ = {isa = PBXFileReference; lastKnownFileType = sourcecode.swift; path = PokedexTests.swift; sourceTree = "<group>"; };
		7B6EC89A2C87DD560089727D /* PokedexUITests.xctest */ = {isa = PBXFileReference; explicitFileType = wrapper.cfbundle; includeInIndex = 0; path = PokedexUITests.xctest; sourceTree = BUILT_PRODUCTS_DIR; };
		7B6EC89E2C87DD560089727D /* PokedexUITests.swift */ = {isa = PBXFileReference; lastKnownFileType = sourcecode.swift; path = PokedexUITests.swift; sourceTree = "<group>"; };
		7B6EC8A02C87DD560089727D /* PokedexUITestsLaunchTests.swift */ = {isa = PBXFileReference; lastKnownFileType = sourcecode.swift; path = PokedexUITestsLaunchTests.swift; sourceTree = "<group>"; };
		7B6EC8B02C8950E30089727D /* Pokedex.swift */ = {isa = PBXFileReference; lastKnownFileType = sourcecode.swift; path = Pokedex.swift; sourceTree = "<group>"; };
		7B6EC8BD2C8A6C630089727D /* PokemonRepository.swift */ = {isa = PBXFileReference; lastKnownFileType = sourcecode.swift; path = PokemonRepository.swift; sourceTree = "<group>"; };
		7B6EC8BF2C8A8C990089727D /* PokemonAPIService.swift */ = {isa = PBXFileReference; lastKnownFileType = sourcecode.swift; path = PokemonAPIService.swift; sourceTree = "<group>"; };
		7B9EC7B22C8CCFD800E85ED2 /* ContentViewModel.swift */ = {isa = PBXFileReference; lastKnownFileType = sourcecode.swift; path = ContentViewModel.swift; sourceTree = "<group>"; };
		7BCA83542C8CE8E700B494E9 /* PokemonListRequirement.swift */ = {isa = PBXFileReference; lastKnownFileType = sourcecode.swift; path = PokemonListRequirement.swift; sourceTree = "<group>"; };
/* End PBXFileReference section */

/* Begin PBXFrameworksBuildPhase section */
		7B6EC87D2C87DD550089727D /* Frameworks */ = {
			isa = PBXFrameworksBuildPhase;
			buildActionMask = 2147483647;
			files = (
				7B6EC8B32C8A41270089727D /* SDWebImageSwiftUI in Frameworks */,
				7B6EC8BA2C8A679A0089727D /* Alamofire in Frameworks */,
			);
			runOnlyForDeploymentPostprocessing = 0;
		};
		7B6EC88D2C87DD560089727D /* Frameworks */ = {
			isa = PBXFrameworksBuildPhase;
			buildActionMask = 2147483647;
			files = (
			);
			runOnlyForDeploymentPostprocessing = 0;
		};
		7B6EC8972C87DD560089727D /* Frameworks */ = {
			isa = PBXFrameworksBuildPhase;
			buildActionMask = 2147483647;
			files = (
			);
			runOnlyForDeploymentPostprocessing = 0;
		};
/* End PBXFrameworksBuildPhase section */

/* Begin PBXGroup section */
		7B6EC8772C87DD550089727D = {
			isa = PBXGroup;
			children = (
				7B6EC8822C87DD550089727D /* Pokedex */,
				7B6EC8932C87DD560089727D /* PokedexTests */,
				7B6EC89D2C87DD560089727D /* PokedexUITests */,
				7B6EC8812C87DD550089727D /* Products */,
			);
			sourceTree = "<group>";
		};
		7B6EC8812C87DD550089727D /* Products */ = {
			isa = PBXGroup;
			children = (
				7B6EC8802C87DD550089727D /* Pokedex.app */,
				7B6EC8902C87DD560089727D /* PokedexTests.xctest */,
				7B6EC89A2C87DD560089727D /* PokedexUITests.xctest */,
			);
			name = Products;
			sourceTree = "<group>";
		};
		7B6EC8822C87DD550089727D /* Pokedex */ = {
			isa = PBXGroup;
			children = (
				7BCA83502C8CE4B200B494E9 /* Domain */,
				7BCA83512C8CE4B600B494E9 /* Data */,
				7BCA83522C8CE4BA00B494E9 /* Framework */,
				7B6EC8832C87DD550089727D /* PokedexApp.swift */,
				7B6EC8872C87DD560089727D /* Assets.xcassets */,
				7B6EC8892C87DD560089727D /* Preview Content */,
			);
			path = Pokedex;
			sourceTree = "<group>";
		};
		7B6EC8892C87DD560089727D /* Preview Content */ = {
			isa = PBXGroup;
			children = (
				7B6EC88A2C87DD560089727D /* Preview Assets.xcassets */,
			);
			path = "Preview Content";
			sourceTree = "<group>";
		};
		7B6EC8932C87DD560089727D /* PokedexTests */ = {
			isa = PBXGroup;
			children = (
				7B6EC8942C87DD560089727D /* PokedexTests.swift */,
			);
			path = PokedexTests;
			sourceTree = "<group>";
		};
		7B6EC89D2C87DD560089727D /* PokedexUITests */ = {
			isa = PBXGroup;
			children = (
				7B6EC89E2C87DD560089727D /* PokedexUITests.swift */,
				7B6EC8A02C87DD560089727D /* PokedexUITestsLaunchTests.swift */,
			);
			path = PokedexUITests;
			sourceTree = "<group>";
		};
		7B6EC8AF2C8950C80089727D /* Models */ = {
			isa = PBXGroup;
			children = (
				7BCA83532C8CE5D000B494E9 /* Network */,
				7B6EC8B02C8950E30089727D /* Pokedex.swift */,
			);
			path = Models;
			sourceTree = "<group>";
		};
		7B9EC7B02C8CCE5400E85ED2 /* Views */ = {
			isa = PBXGroup;
			children = (
				7B6EC8852C87DD550089727D /* ContentView.swift */,
			);
			path = Views;
			sourceTree = "<group>";
		};
		7B9EC7B12C8CCFC000E85ED2 /* ViewModel */ = {
			isa = PBXGroup;
			children = (
				7B9EC7B22C8CCFD800E85ED2 /* ContentViewModel.swift */,
			);
			path = ViewModel;
			sourceTree = "<group>";
		};
		7BCA83502C8CE4B200B494E9 /* Domain */ = {
			isa = PBXGroup;
			children = (
				7BCA83542C8CE8E700B494E9 /* PokemonListRequirement.swift */,
				7B032A372C8CE91400B15865 /* PokemonInfoRequirement.swift */,
			);
			path = Domain;
			sourceTree = "<group>";
		};
		7BCA83512C8CE4B600B494E9 /* Data */ = {
			isa = PBXGroup;
			children = (
				7B6EC8AF2C8950C80089727D /* Models */,
				7B6EC8BD2C8A6C630089727D /* PokemonRepository.swift */,
			);
			path = Data;
			sourceTree = "<group>";
		};
		7BCA83522C8CE4BA00B494E9 /* Framework */ = {
			isa = PBXGroup;
			children = (
				7B9EC7B02C8CCE5400E85ED2 /* Views */,
				7B9EC7B12C8CCFC000E85ED2 /* ViewModel */,
			);
			path = Framework;
			sourceTree = "<group>";
		};
		7BCA83532C8CE5D000B494E9 /* Network */ = {
			isa = PBXGroup;
			children = (
				7B6EC8BF2C8A8C990089727D /* PokemonAPIService.swift */,
			);
			path = Network;
			sourceTree = "<group>";
		};
/* End PBXGroup section */

/* Begin PBXNativeTarget section */
		7B6EC87F2C87DD550089727D /* Pokedex */ = {
			isa = PBXNativeTarget;
			buildConfigurationList = 7B6EC8A42C87DD560089727D /* Build configuration list for PBXNativeTarget "Pokedex" */;
			buildPhases = (
				7B6EC87C2C87DD550089727D /* Sources */,
				7B6EC87D2C87DD550089727D /* Frameworks */,
				7B6EC87E2C87DD550089727D /* Resources */,
			);
			buildRules = (
			);
			dependencies = (
			);
			name = Pokedex;
			packageProductDependencies = (
				7B6EC8B22C8A41270089727D /* SDWebImageSwiftUI */,
				7B6EC8B92C8A679A0089727D /* Alamofire */,
			);
			productName = Pokedex;
			productReference = 7B6EC8802C87DD550089727D /* Pokedex.app */;
			productType = "com.apple.product-type.application";
		};
		7B6EC88F2C87DD560089727D /* PokedexTests */ = {
			isa = PBXNativeTarget;
			buildConfigurationList = 7B6EC8A72C87DD560089727D /* Build configuration list for PBXNativeTarget "PokedexTests" */;
			buildPhases = (
				7B6EC88C2C87DD560089727D /* Sources */,
				7B6EC88D2C87DD560089727D /* Frameworks */,
				7B6EC88E2C87DD560089727D /* Resources */,
			);
			buildRules = (
			);
			dependencies = (
				7B6EC8922C87DD560089727D /* PBXTargetDependency */,
			);
			name = PokedexTests;
			productName = PokedexTests;
			productReference = 7B6EC8902C87DD560089727D /* PokedexTests.xctest */;
			productType = "com.apple.product-type.bundle.unit-test";
		};
		7B6EC8992C87DD560089727D /* PokedexUITests */ = {
			isa = PBXNativeTarget;
			buildConfigurationList = 7B6EC8AA2C87DD560089727D /* Build configuration list for PBXNativeTarget "PokedexUITests" */;
			buildPhases = (
				7B6EC8962C87DD560089727D /* Sources */,
				7B6EC8972C87DD560089727D /* Frameworks */,
				7B6EC8982C87DD560089727D /* Resources */,
			);
			buildRules = (
			);
			dependencies = (
				7B6EC89C2C87DD560089727D /* PBXTargetDependency */,
			);
			name = PokedexUITests;
			productName = PokedexUITests;
			productReference = 7B6EC89A2C87DD560089727D /* PokedexUITests.xctest */;
			productType = "com.apple.product-type.bundle.ui-testing";
		};
/* End PBXNativeTarget section */

/* Begin PBXProject section */
		7B6EC8782C87DD550089727D /* Project object */ = {
			isa = PBXProject;
			attributes = {
				BuildIndependentTargetsInParallel = 1;
				LastSwiftUpdateCheck = 1540;
				LastUpgradeCheck = 1540;
				TargetAttributes = {
					7B6EC87F2C87DD550089727D = {
						CreatedOnToolsVersion = 15.4;
					};
					7B6EC88F2C87DD560089727D = {
						CreatedOnToolsVersion = 15.4;
						TestTargetID = 7B6EC87F2C87DD550089727D;
					};
					7B6EC8992C87DD560089727D = {
						CreatedOnToolsVersion = 15.4;
						TestTargetID = 7B6EC87F2C87DD550089727D;
					};
				};
			};
			buildConfigurationList = 7B6EC87B2C87DD550089727D /* Build configuration list for PBXProject "Pokedex" */;
			compatibilityVersion = "Xcode 14.0";
			developmentRegion = en;
			hasScannedForEncodings = 0;
			knownRegions = (
				en,
				Base,
			);
			mainGroup = 7B6EC8772C87DD550089727D;
			packageReferences = (
				7B6EC8AE2C87E0F10089727D /* XCRemoteSwiftPackageReference "SDWebImageSwiftUI" */,
				7B6EC8B82C8A679A0089727D /* XCRemoteSwiftPackageReference "Alamofire" */,
			);
			productRefGroup = 7B6EC8812C87DD550089727D /* Products */;
			projectDirPath = "";
			projectRoot = "";
			targets = (
				7B6EC87F2C87DD550089727D /* Pokedex */,
				7B6EC88F2C87DD560089727D /* PokedexTests */,
				7B6EC8992C87DD560089727D /* PokedexUITests */,
			);
		};
/* End PBXProject section */

/* Begin PBXResourcesBuildPhase section */
		7B6EC87E2C87DD550089727D /* Resources */ = {
			isa = PBXResourcesBuildPhase;
			buildActionMask = 2147483647;
			files = (
				7B6EC88B2C87DD560089727D /* Preview Assets.xcassets in Resources */,
				7B6EC8882C87DD560089727D /* Assets.xcassets in Resources */,
			);
			runOnlyForDeploymentPostprocessing = 0;
		};
		7B6EC88E2C87DD560089727D /* Resources */ = {
			isa = PBXResourcesBuildPhase;
			buildActionMask = 2147483647;
			files = (
			);
			runOnlyForDeploymentPostprocessing = 0;
		};
		7B6EC8982C87DD560089727D /* Resources */ = {
			isa = PBXResourcesBuildPhase;
			buildActionMask = 2147483647;
			files = (
			);
			runOnlyForDeploymentPostprocessing = 0;
		};
/* End PBXResourcesBuildPhase section */

/* Begin PBXSourcesBuildPhase section */
		7B6EC87C2C87DD550089727D /* Sources */ = {
			isa = PBXSourcesBuildPhase;
			buildActionMask = 2147483647;
			files = (
				7BCA83552C8CE8E700B494E9 /* PokemonListRequirement.swift in Sources */,
				7B6EC8BE2C8A6C630089727D /* PokemonRepository.swift in Sources */,
				7B6EC8862C87DD550089727D /* ContentView.swift in Sources */,
				7B9EC7B32C8CCFD800E85ED2 /* ContentViewModel.swift in Sources */,
				7B6EC8C02C8A8C990089727D /* PokemonAPIService.swift in Sources */,
				7B032A382C8CE91400B15865 /* PokemonInfoRequirement.swift in Sources */,
				7B6EC8842C87DD550089727D /* PokedexApp.swift in Sources */,
				7B6EC8B12C8950E30089727D /* Pokedex.swift in Sources */,
			);
			runOnlyForDeploymentPostprocessing = 0;
		};
		7B6EC88C2C87DD560089727D /* Sources */ = {
			isa = PBXSourcesBuildPhase;
			buildActionMask = 2147483647;
			files = (
				7B6EC8952C87DD560089727D /* PokedexTests.swift in Sources */,
			);
			runOnlyForDeploymentPostprocessing = 0;
		};
		7B6EC8962C87DD560089727D /* Sources */ = {
			isa = PBXSourcesBuildPhase;
			buildActionMask = 2147483647;
			files = (
				7B6EC89F2C87DD560089727D /* PokedexUITests.swift in Sources */,
				7B6EC8A12C87DD560089727D /* PokedexUITestsLaunchTests.swift in Sources */,
			);
			runOnlyForDeploymentPostprocessing = 0;
		};
/* End PBXSourcesBuildPhase section */

/* Begin PBXTargetDependency section */
		7B6EC8922C87DD560089727D /* PBXTargetDependency */ = {
			isa = PBXTargetDependency;
			target = 7B6EC87F2C87DD550089727D /* Pokedex */;
			targetProxy = 7B6EC8912C87DD560089727D /* PBXContainerItemProxy */;
		};
		7B6EC89C2C87DD560089727D /* PBXTargetDependency */ = {
			isa = PBXTargetDependency;
			target = 7B6EC87F2C87DD550089727D /* Pokedex */;
			targetProxy = 7B6EC89B2C87DD560089727D /* PBXContainerItemProxy */;
		};
/* End PBXTargetDependency section */

/* Begin XCBuildConfiguration section */
		7B6EC8A22C87DD560089727D /* Debug */ = {
			isa = XCBuildConfiguration;
			buildSettings = {
				ALWAYS_SEARCH_USER_PATHS = NO;
				ASSETCATALOG_COMPILER_GENERATE_SWIFT_ASSET_SYMBOL_EXTENSIONS = YES;
				CLANG_ANALYZER_NONNULL = YES;
				CLANG_ANALYZER_NUMBER_OBJECT_CONVERSION = YES_AGGRESSIVE;
				CLANG_CXX_LANGUAGE_STANDARD = "gnu++20";
				CLANG_ENABLE_MODULES = YES;
				CLANG_ENABLE_OBJC_ARC = YES;
				CLANG_ENABLE_OBJC_WEAK = YES;
				CLANG_WARN_BLOCK_CAPTURE_AUTORELEASING = YES;
				CLANG_WARN_BOOL_CONVERSION = YES;
				CLANG_WARN_COMMA = YES;
				CLANG_WARN_CONSTANT_CONVERSION = YES;
				CLANG_WARN_DEPRECATED_OBJC_IMPLEMENTATIONS = YES;
				CLANG_WARN_DIRECT_OBJC_ISA_USAGE = YES_ERROR;
				CLANG_WARN_DOCUMENTATION_COMMENTS = YES;
				CLANG_WARN_EMPTY_BODY = YES;
				CLANG_WARN_ENUM_CONVERSION = YES;
				CLANG_WARN_INFINITE_RECURSION = YES;
				CLANG_WARN_INT_CONVERSION = YES;
				CLANG_WARN_NON_LITERAL_NULL_CONVERSION = YES;
				CLANG_WARN_OBJC_IMPLICIT_RETAIN_SELF = YES;
				CLANG_WARN_OBJC_LITERAL_CONVERSION = YES;
				CLANG_WARN_OBJC_ROOT_CLASS = YES_ERROR;
				CLANG_WARN_QUOTED_INCLUDE_IN_FRAMEWORK_HEADER = YES;
				CLANG_WARN_RANGE_LOOP_ANALYSIS = YES;
				CLANG_WARN_STRICT_PROTOTYPES = YES;
				CLANG_WARN_SUSPICIOUS_MOVE = YES;
				CLANG_WARN_UNGUARDED_AVAILABILITY = YES_AGGRESSIVE;
				CLANG_WARN_UNREACHABLE_CODE = YES;
				CLANG_WARN__DUPLICATE_METHOD_MATCH = YES;
				COPY_PHASE_STRIP = NO;
				DEBUG_INFORMATION_FORMAT = dwarf;
				ENABLE_STRICT_OBJC_MSGSEND = YES;
				ENABLE_TESTABILITY = YES;
				ENABLE_USER_SCRIPT_SANDBOXING = YES;
				GCC_C_LANGUAGE_STANDARD = gnu17;
				GCC_DYNAMIC_NO_PIC = NO;
				GCC_NO_COMMON_BLOCKS = YES;
				GCC_OPTIMIZATION_LEVEL = 0;
				GCC_PREPROCESSOR_DEFINITIONS = (
					"DEBUG=1",
					"$(inherited)",
				);
				GCC_WARN_64_TO_32_BIT_CONVERSION = YES;
				GCC_WARN_ABOUT_RETURN_TYPE = YES_ERROR;
				GCC_WARN_UNDECLARED_SELECTOR = YES;
				GCC_WARN_UNINITIALIZED_AUTOS = YES_AGGRESSIVE;
				GCC_WARN_UNUSED_FUNCTION = YES;
				GCC_WARN_UNUSED_VARIABLE = YES;
				IPHONEOS_DEPLOYMENT_TARGET = 17.5;
				LOCALIZATION_PREFERS_STRING_CATALOGS = YES;
				MTL_ENABLE_DEBUG_INFO = INCLUDE_SOURCE;
				MTL_FAST_MATH = YES;
				ONLY_ACTIVE_ARCH = YES;
				SDKROOT = iphoneos;
				SWIFT_ACTIVE_COMPILATION_CONDITIONS = "DEBUG $(inherited)";
				SWIFT_OPTIMIZATION_LEVEL = "-Onone";
			};
			name = Debug;
		};
		7B6EC8A32C87DD560089727D /* Release */ = {
			isa = XCBuildConfiguration;
			buildSettings = {
				ALWAYS_SEARCH_USER_PATHS = NO;
				ASSETCATALOG_COMPILER_GENERATE_SWIFT_ASSET_SYMBOL_EXTENSIONS = YES;
				CLANG_ANALYZER_NONNULL = YES;
				CLANG_ANALYZER_NUMBER_OBJECT_CONVERSION = YES_AGGRESSIVE;
				CLANG_CXX_LANGUAGE_STANDARD = "gnu++20";
				CLANG_ENABLE_MODULES = YES;
				CLANG_ENABLE_OBJC_ARC = YES;
				CLANG_ENABLE_OBJC_WEAK = YES;
				CLANG_WARN_BLOCK_CAPTURE_AUTORELEASING = YES;
				CLANG_WARN_BOOL_CONVERSION = YES;
				CLANG_WARN_COMMA = YES;
				CLANG_WARN_CONSTANT_CONVERSION = YES;
				CLANG_WARN_DEPRECATED_OBJC_IMPLEMENTATIONS = YES;
				CLANG_WARN_DIRECT_OBJC_ISA_USAGE = YES_ERROR;
				CLANG_WARN_DOCUMENTATION_COMMENTS = YES;
				CLANG_WARN_EMPTY_BODY = YES;
				CLANG_WARN_ENUM_CONVERSION = YES;
				CLANG_WARN_INFINITE_RECURSION = YES;
				CLANG_WARN_INT_CONVERSION = YES;
				CLANG_WARN_NON_LITERAL_NULL_CONVERSION = YES;
				CLANG_WARN_OBJC_IMPLICIT_RETAIN_SELF = YES;
				CLANG_WARN_OBJC_LITERAL_CONVERSION = YES;
				CLANG_WARN_OBJC_ROOT_CLASS = YES_ERROR;
				CLANG_WARN_QUOTED_INCLUDE_IN_FRAMEWORK_HEADER = YES;
				CLANG_WARN_RANGE_LOOP_ANALYSIS = YES;
				CLANG_WARN_STRICT_PROTOTYPES = YES;
				CLANG_WARN_SUSPICIOUS_MOVE = YES;
				CLANG_WARN_UNGUARDED_AVAILABILITY = YES_AGGRESSIVE;
				CLANG_WARN_UNREACHABLE_CODE = YES;
				CLANG_WARN__DUPLICATE_METHOD_MATCH = YES;
				COPY_PHASE_STRIP = NO;
				DEBUG_INFORMATION_FORMAT = "dwarf-with-dsym";
				ENABLE_NS_ASSERTIONS = NO;
				ENABLE_STRICT_OBJC_MSGSEND = YES;
				ENABLE_USER_SCRIPT_SANDBOXING = YES;
				GCC_C_LANGUAGE_STANDARD = gnu17;
				GCC_NO_COMMON_BLOCKS = YES;
				GCC_WARN_64_TO_32_BIT_CONVERSION = YES;
				GCC_WARN_ABOUT_RETURN_TYPE = YES_ERROR;
				GCC_WARN_UNDECLARED_SELECTOR = YES;
				GCC_WARN_UNINITIALIZED_AUTOS = YES_AGGRESSIVE;
				GCC_WARN_UNUSED_FUNCTION = YES;
				GCC_WARN_UNUSED_VARIABLE = YES;
				IPHONEOS_DEPLOYMENT_TARGET = 17.5;
				LOCALIZATION_PREFERS_STRING_CATALOGS = YES;
				MTL_ENABLE_DEBUG_INFO = NO;
				MTL_FAST_MATH = YES;
				SDKROOT = iphoneos;
				SWIFT_COMPILATION_MODE = wholemodule;
				VALIDATE_PRODUCT = YES;
			};
			name = Release;
		};
		7B6EC8A52C87DD560089727D /* Debug */ = {
			isa = XCBuildConfiguration;
			buildSettings = {
				ASSETCATALOG_COMPILER_APPICON_NAME = AppIcon;
				ASSETCATALOG_COMPILER_GLOBAL_ACCENT_COLOR_NAME = AccentColor;
				CODE_SIGN_STYLE = Automatic;
				CURRENT_PROJECT_VERSION = 1;
				DEVELOPMENT_ASSET_PATHS = "\"Pokedex/Preview Content\"";
				ENABLE_PREVIEWS = YES;
				GENERATE_INFOPLIST_FILE = YES;
				INFOPLIST_KEY_UIApplicationSceneManifest_Generation = YES;
				INFOPLIST_KEY_UIApplicationSupportsIndirectInputEvents = YES;
				INFOPLIST_KEY_UILaunchScreen_Generation = YES;
				INFOPLIST_KEY_UISupportedInterfaceOrientations_iPad = "UIInterfaceOrientationPortrait UIInterfaceOrientationPortraitUpsideDown UIInterfaceOrientationLandscapeLeft UIInterfaceOrientationLandscapeRight";
				INFOPLIST_KEY_UISupportedInterfaceOrientations_iPhone = "UIInterfaceOrientationPortrait UIInterfaceOrientationLandscapeLeft UIInterfaceOrientationLandscapeRight";
				LD_RUNPATH_SEARCH_PATHS = (
					"$(inherited)",
					"@executable_path/Frameworks",
				);
				MARKETING_VERSION = 1.0;
				PRODUCT_BUNDLE_IDENTIFIER = com.example.Pokedex;
				PRODUCT_NAME = "$(TARGET_NAME)";
				SWIFT_EMIT_LOC_STRINGS = YES;
				SWIFT_VERSION = 5.0;
				TARGETED_DEVICE_FAMILY = "1,2";
			};
			name = Debug;
		};
		7B6EC8A62C87DD560089727D /* Release */ = {
			isa = XCBuildConfiguration;
			buildSettings = {
				ASSETCATALOG_COMPILER_APPICON_NAME = AppIcon;
				ASSETCATALOG_COMPILER_GLOBAL_ACCENT_COLOR_NAME = AccentColor;
				CODE_SIGN_STYLE = Automatic;
				CURRENT_PROJECT_VERSION = 1;
				DEVELOPMENT_ASSET_PATHS = "\"Pokedex/Preview Content\"";
				ENABLE_PREVIEWS = YES;
				GENERATE_INFOPLIST_FILE = YES;
				INFOPLIST_KEY_UIApplicationSceneManifest_Generation = YES;
				INFOPLIST_KEY_UIApplicationSupportsIndirectInputEvents = YES;
				INFOPLIST_KEY_UILaunchScreen_Generation = YES;
				INFOPLIST_KEY_UISupportedInterfaceOrientations_iPad = "UIInterfaceOrientationPortrait UIInterfaceOrientationPortraitUpsideDown UIInterfaceOrientationLandscapeLeft UIInterfaceOrientationLandscapeRight";
				INFOPLIST_KEY_UISupportedInterfaceOrientations_iPhone = "UIInterfaceOrientationPortrait UIInterfaceOrientationLandscapeLeft UIInterfaceOrientationLandscapeRight";
				LD_RUNPATH_SEARCH_PATHS = (
					"$(inherited)",
					"@executable_path/Frameworks",
				);
				MARKETING_VERSION = 1.0;
				PRODUCT_BUNDLE_IDENTIFIER = com.example.Pokedex;
				PRODUCT_NAME = "$(TARGET_NAME)";
				SWIFT_EMIT_LOC_STRINGS = YES;
				SWIFT_VERSION = 5.0;
				TARGETED_DEVICE_FAMILY = "1,2";
			};
			name = Release;
		};
		7B6EC8A82C87DD560089727D /* Debug */ = {
			isa = XCBuildConfiguration;
			buildSettings = {
				ALWAYS_EMBED_SWIFT_STANDARD_LIBRARIES = YES;
				BUNDLE_LOADER = "$(TEST_HOST)";
				CODE_SIGN_STYLE = Automatic;
				CURRENT_PROJECT_VERSION = 1;
				GENERATE_INFOPLIST_FILE = YES;
				IPHONEOS_DEPLOYMENT_TARGET = 17.5;
				MARKETING_VERSION = 1.0;
				PRODUCT_BUNDLE_IDENTIFIER = com.example.PokedexTests;
				PRODUCT_NAME = "$(TARGET_NAME)";
				SWIFT_EMIT_LOC_STRINGS = NO;
				SWIFT_VERSION = 5.0;
				TARGETED_DEVICE_FAMILY = "1,2";
				TEST_HOST = "$(BUILT_PRODUCTS_DIR)/Pokedex.app/$(BUNDLE_EXECUTABLE_FOLDER_PATH)/Pokedex";
			};
			name = Debug;
		};
		7B6EC8A92C87DD560089727D /* Release */ = {
			isa = XCBuildConfiguration;
			buildSettings = {
				ALWAYS_EMBED_SWIFT_STANDARD_LIBRARIES = YES;
				BUNDLE_LOADER = "$(TEST_HOST)";
				CODE_SIGN_STYLE = Automatic;
				CURRENT_PROJECT_VERSION = 1;
				GENERATE_INFOPLIST_FILE = YES;
				IPHONEOS_DEPLOYMENT_TARGET = 17.5;
				MARKETING_VERSION = 1.0;
				PRODUCT_BUNDLE_IDENTIFIER = com.example.PokedexTests;
				PRODUCT_NAME = "$(TARGET_NAME)";
				SWIFT_EMIT_LOC_STRINGS = NO;
				SWIFT_VERSION = 5.0;
				TARGETED_DEVICE_FAMILY = "1,2";
				TEST_HOST = "$(BUILT_PRODUCTS_DIR)/Pokedex.app/$(BUNDLE_EXECUTABLE_FOLDER_PATH)/Pokedex";
			};
			name = Release;
		};
		7B6EC8AB2C87DD560089727D /* Debug */ = {
			isa = XCBuildConfiguration;
			buildSettings = {
				ALWAYS_EMBED_SWIFT_STANDARD_LIBRARIES = YES;
				CODE_SIGN_STYLE = Automatic;
				CURRENT_PROJECT_VERSION = 1;
				GENERATE_INFOPLIST_FILE = YES;
				MARKETING_VERSION = 1.0;
				PRODUCT_BUNDLE_IDENTIFIER = com.example.PokedexUITests;
				PRODUCT_NAME = "$(TARGET_NAME)";
				SWIFT_EMIT_LOC_STRINGS = NO;
				SWIFT_VERSION = 5.0;
				TARGETED_DEVICE_FAMILY = "1,2";
				TEST_TARGET_NAME = Pokedex;
			};
			name = Debug;
		};
		7B6EC8AC2C87DD560089727D /* Release */ = {
			isa = XCBuildConfiguration;
			buildSettings = {
				ALWAYS_EMBED_SWIFT_STANDARD_LIBRARIES = YES;
				CODE_SIGN_STYLE = Automatic;
				CURRENT_PROJECT_VERSION = 1;
				GENERATE_INFOPLIST_FILE = YES;
				MARKETING_VERSION = 1.0;
				PRODUCT_BUNDLE_IDENTIFIER = com.example.PokedexUITests;
				PRODUCT_NAME = "$(TARGET_NAME)";
				SWIFT_EMIT_LOC_STRINGS = NO;
				SWIFT_VERSION = 5.0;
				TARGETED_DEVICE_FAMILY = "1,2";
				TEST_TARGET_NAME = Pokedex;
			};
			name = Release;
		};
/* End XCBuildConfiguration section */

/* Begin XCConfigurationList section */
		7B6EC87B2C87DD550089727D /* Build configuration list for PBXProject "Pokedex" */ = {
			isa = XCConfigurationList;
			buildConfigurations = (
				7B6EC8A22C87DD560089727D /* Debug */,
				7B6EC8A32C87DD560089727D /* Release */,
			);
			defaultConfigurationIsVisible = 0;
			defaultConfigurationName = Release;
		};
		7B6EC8A42C87DD560089727D /* Build configuration list for PBXNativeTarget "Pokedex" */ = {
			isa = XCConfigurationList;
			buildConfigurations = (
				7B6EC8A52C87DD560089727D /* Debug */,
				7B6EC8A62C87DD560089727D /* Release */,
			);
			defaultConfigurationIsVisible = 0;
			defaultConfigurationName = Release;
		};
		7B6EC8A72C87DD560089727D /* Build configuration list for PBXNativeTarget "PokedexTests" */ = {
			isa = XCConfigurationList;
			buildConfigurations = (
				7B6EC8A82C87DD560089727D /* Debug */,
				7B6EC8A92C87DD560089727D /* Release */,
			);
			defaultConfigurationIsVisible = 0;
			defaultConfigurationName = Release;
		};
		7B6EC8AA2C87DD560089727D /* Build configuration list for PBXNativeTarget "PokedexUITests" */ = {
			isa = XCConfigurationList;
			buildConfigurations = (
				7B6EC8AB2C87DD560089727D /* Debug */,
				7B6EC8AC2C87DD560089727D /* Release */,
			);
			defaultConfigurationIsVisible = 0;
			defaultConfigurationName = Release;
		};
/* End XCConfigurationList section */

/* Begin XCRemoteSwiftPackageReference section */
		7B6EC8AE2C87E0F10089727D /* XCRemoteSwiftPackageReference "SDWebImageSwiftUI" */ = {
			isa = XCRemoteSwiftPackageReference;
			repositoryURL = "https://github.com/SDWebImage/SDWebImageSwiftUI";
			requirement = {
				kind = upToNextMajorVersion;
				minimumVersion = 3.1.2;
			};
		};
		7B6EC8B82C8A679A0089727D /* XCRemoteSwiftPackageReference "Alamofire" */ = {
			isa = XCRemoteSwiftPackageReference;
			repositoryURL = "https://github.com/Alamofire/Alamofire.git";
			requirement = {
				kind = upToNextMajorVersion;
				minimumVersion = 5.9.1;
			};
		};
/* End XCRemoteSwiftPackageReference section */

/* Begin XCSwiftPackageProductDependency section */
		7B6EC8B22C8A41270089727D /* SDWebImageSwiftUI */ = {
			isa = XCSwiftPackageProductDependency;
			package = 7B6EC8AE2C87E0F10089727D /* XCRemoteSwiftPackageReference "SDWebImageSwiftUI" */;
			productName = SDWebImageSwiftUI;
		};
		7B6EC8B92C8A679A0089727D /* Alamofire */ = {
			isa = XCSwiftPackageProductDependency;
			package = 7B6EC8B82C8A679A0089727D /* XCRemoteSwiftPackageReference "Alamofire" */;
			productName = Alamofire;
		};
/* End XCSwiftPackageProductDependency section */
	};
	rootObject = 7B6EC8782C87DD550089727D /* Project object */;
}
